{
    "_readme": [
        "This file locks the dependencies of your project to a known state",
        "Read more about it at https://getcomposer.org/doc/01-basic-usage.md#installing-dependencies",
        "This file is @generated automatically"
    ],
    "content-hash": "395fd3e4ccdb04f0eaae4a644bdd6016",
    "packages": [
        {
            "name": "contributte/bootstrap",
            "version": "v0.3.1",
            "source": {
                "type": "git",
                "url": "https://github.com/contributte/bootstrap.git",
                "reference": "4aae766476dad56b7e148fe94be53e8fd43525a6"
            },
            "dist": {
                "type": "zip",
                "url": "https://api.github.com/repos/contributte/bootstrap/zipball/4aae766476dad56b7e148fe94be53e8fd43525a6",
                "reference": "4aae766476dad56b7e148fe94be53e8fd43525a6",
                "shasum": ""
            },
            "require": {
                "nette/bootstrap": "~2.4.6",
                "nette/utils": "~2.5.2",
                "php": ">= 7.1"
            },
            "require-dev": {
                "ninjify/nunjuck": "^0.2.0",
                "ninjify/qa": "^0.8.0"
            },
            "type": "library",
            "extra": {
                "branch-alias": {
                    "dev-master": "0.4-dev"
                }
            },
            "autoload": {
                "psr-4": {
                    "Contributte\\Bootstrap\\": "src"
                }
            },
            "notification-url": "https://packagist.org/downloads/",
            "license": [
                "MIT"
            ],
            "authors": [
                {
                    "name": "Milan Felix Šulc",
                    "homepage": "https://f3l1x.io"
                }
            ],
            "description": "Extra contrib to nette/boostrap",
            "homepage": "https://github.com/contributte/bootstrap",
            "keywords": [
                "application",
                "bootstrap",
                "docker",
                "nette"
            ],
            "time": "2018-06-25T11:43:49+00:00"
        },
        {
            "name": "contributte/latte",
            "version": "v0.3",
            "source": {
                "type": "git",
                "url": "https://github.com/contributte/latte.git",
                "reference": "53c8306b60985b95754e862b228bf34a5a7500ae"
            },
            "dist": {
                "type": "zip",
                "url": "https://api.github.com/repos/contributte/latte/zipball/53c8306b60985b95754e862b228bf34a5a7500ae",
                "reference": "53c8306b60985b95754e862b228bf34a5a7500ae",
                "shasum": ""
            },
            "require": {
                "latte/latte": "~2.4.4",
                "php": ">= 7.1"
            },
            "conflict": {
                "nette/utils": "<2.5.2"
            },
            "require-dev": {
                "nette/application": "~2.4.6",
                "nette/di": "~2.4.12",
                "ninjify/nunjuck": "^0.2.0",
                "ninjify/qa": "^0.8.0"
            },
            "suggest": {
                "nette/di": "to use VersionExtension[CompilerExtension]"
            },
            "type": "library",
            "autoload": {
                "psr-4": {
                    "Contributte\\Latte\\": "src"
                }
            },
            "notification-url": "https://packagist.org/downloads/",
            "license": [
                "MIT"
            ],
            "authors": [
                {
                    "name": "Milan Felix Šulc",
                    "homepage": "https://f3l1x.io"
                }
            ],
            "description": "Extra contrib to nette/latte",
            "homepage": "https://github.com/contributte/latte",
            "keywords": [
                "extra",
                "latte",
                "nette"
            ],
            "time": "2018-06-21T10:51:40+00:00"
        },
        {
            "name": "contributte/thepay",
            "version": "v4.0.2",
            "source": {
                "type": "git",
                "url": "https://github.com/contributte/thepay.git",
                "reference": "fb5962f1e1d416af035f1dd978a8b5fd60eb0e70"
            },
            "dist": {
                "type": "zip",
                "url": "https://api.github.com/repos/contributte/thepay/zipball/fb5962f1e1d416af035f1dd978a8b5fd60eb0e70",
                "reference": "fb5962f1e1d416af035f1dd978a8b5fd60eb0e70",
                "shasum": ""
            },
            "require": {
                "contributte/thepay-api": "^4.0.0",
                "ext-soap": "*",
                "nette/application": "~2.3",
                "nette/di": "~2.3 || ~3.0",
                "php": ">=7.1",
                "trejjam/base-extension": "~0.7"
            },
            "require-dev": {
                "nette/bootstrap": "@dev",
                "nette/robot-loader": "@dev",
                "nette/tester": "@dev",
                "ninjify/coding-standard": "^0.7.0@dev",
                "ninjify/nunjuck": "^0.2.0",
                "ninjify/qa": "^0.8.0@dev",
                "phpstan/phpstan": "~0.10.2",
                "phpstan/phpstan-strict-rules": "~0.10.1",
                "tracy/tracy": "~2.5.0"
            },
            "type": "library",
            "extra": {
                "branch-alias": {
                    "dev-master": "v4.0.x-dev"
                }
            },
            "autoload": {
                "psr-4": {
                    "Contributte\\ThePay\\": "src/"
                }
            },
            "notification-url": "https://packagist.org/downloads/",
            "license": [
                "MIT"
            ],
            "description": "ThePay library - nette extension",
            "keywords": [
                "extension",
                "nette",
                "the pay"
            ],
            "time": "2018-08-26T08:31:54+00:00"
        },
        {
            "name": "contributte/thepay-api",
            "version": "v4.0.0",
            "source": {
                "type": "git",
                "url": "https://github.com/contributte/thepay-api.git",
                "reference": "9d6122ede3c97ba50a7327c5f846883cc5cee43f"
            },
            "dist": {
                "type": "zip",
                "url": "https://api.github.com/repos/contributte/thepay-api/zipball/9d6122ede3c97ba50a7327c5f846883cc5cee43f",
                "reference": "9d6122ede3c97ba50a7327c5f846883cc5cee43f",
                "shasum": ""
            },
            "require": {
                "ext-hash": "*",
                "ext-json": "*",
                "ext-soap": "*",
                "php": ">=7.1"
            },
            "require-dev": {
                "nette/tester": "@dev",
                "phpstan/phpstan": "^0.9.2",
                "symplify/easy-coding-standard": "^4.2"
            },
            "suggest": {
                "trejjam/thepay": "to use as nette extension"
            },
            "type": "library",
            "extra": {
                "branch-alias": {
                    "master": "v4.0.x-dev"
                }
            },
            "autoload": {
                "psr-4": {
                    "Tp\\": "src/"
                },
                "classmap": [
                    "src/exceptions/"
                ]
            },
            "notification-url": "https://packagist.org/downloads/",
            "license": [
                "MIT"
            ],
            "description": "The pay library",
            "keywords": [
                "the pay"
            ],
            "time": "2018-08-25T08:09:10+00:00"
        },
        {
            "name": "contributte/tracy",
            "version": "v0.3.2",
            "source": {
                "type": "git",
                "url": "https://github.com/contributte/tracy.git",
                "reference": "fdb1104dce65827b6ff9696e96d6397fedfb5237"
            },
            "dist": {
                "type": "zip",
                "url": "https://api.github.com/repos/contributte/tracy/zipball/fdb1104dce65827b6ff9696e96d6397fedfb5237",
                "reference": "fdb1104dce65827b6ff9696e96d6397fedfb5237",
                "shasum": ""
            },
            "require": {
                "php": ">= 7.1",
                "tracy/tracy": "~2.6.0"
            },
            "conflict": {
                "nette/application": "<2.4.12",
                "nette/di": "<2.4.13",
                "nette/http": "<2.4.9",
                "nette/utils": "<2.5.2"
            },
            "require-dev": {
                "nette/application": "~2.4.12",
                "nette/di": "~2.4.13",
                "nette/http": "~2.4.9",
                "nette/utils": "~2.5.3",
                "ninjify/nunjuck": "^0.2.0",
                "ninjify/qa": "^0.8.0",
                "phpstan/phpstan-deprecation-rules": "^0.11",
                "phpstan/phpstan-nette": "^0.11",
                "phpstan/phpstan-shim": "^0.11",
                "phpstan/phpstan-strict-rules": "^0.11"
            },
            "type": "library",
            "extra": {
                "branch-alias": {
                    "dev-master": "0.4.x-dev"
                }
            },
            "autoload": {
                "psr-4": {
                    "Contributte\\Tracy\\": "src"
                }
            },
            "notification-url": "https://packagist.org/downloads/",
            "license": [
                "MIT"
            ],
            "authors": [
                {
                    "name": "Milan Felix Šulc",
                    "homepage": "https://f3l1x.io"
                },
                {
                    "name": "Marek Bartoš",
                    "homepage": "https://marek-bartos.cz"
                }
            ],
            "description": "Tuned Tracy Bars/Panels/BlueScreens for easy-developing",
            "homepage": "https://github.com/contributte/tracy",
            "keywords": [
                "bluescreen",
                "develop",
                "navigation",
                "nette",
                "profile",
                "tracy"
            ],
            "time": "2019-02-25T12:50:46+00:00"
        },
        {
            "name": "latte/latte",
            "version": "v2.4.8",
            "source": {
                "type": "git",
                "url": "https://github.com/nette/latte.git",
                "reference": "95ca6bab6caaa3efa3b5d7d4537f9a45cb89ed90"
            },
            "dist": {
                "type": "zip",
                "url": "https://api.github.com/repos/nette/latte/zipball/95ca6bab6caaa3efa3b5d7d4537f9a45cb89ed90",
                "reference": "95ca6bab6caaa3efa3b5d7d4537f9a45cb89ed90",
                "shasum": ""
            },
            "require": {
                "ext-json": "*",
                "ext-tokenizer": "*",
                "php": ">=5.4.4"
            },
            "conflict": {
                "nette/application": "<2.4.1"
            },
            "require-dev": {
                "nette/tester": "~1.7",
                "tracy/tracy": "^2.3"
            },
            "suggest": {
                "ext-fileinfo": "to use filter |datastream",
                "ext-mbstring": "to use filters like lower, upper, capitalize, ...",
                "nette/utils": "to use filter |webalize"
            },
            "type": "library",
            "extra": {
                "branch-alias": {
                    "dev-master": "2.4-dev"
                }
            },
            "autoload": {
                "classmap": [
                    "src/"
                ]
            },
            "notification-url": "https://packagist.org/downloads/",
            "license": [
                "BSD-3-Clause",
                "GPL-2.0",
                "GPL-3.0"
            ],
            "authors": [
                {
                    "name": "David Grudl",
                    "homepage": "https://davidgrudl.com"
                },
                {
                    "name": "Nette Community",
                    "homepage": "https://nette.org/contributors"
                }
            ],
            "description": "☕ Latte: the intuitive and fast template engine for those who want the most secure PHP sites. Introduces context-sensitive escaping.",
            "homepage": "https://latte.nette.org",
            "keywords": [
                "context-sensitive",
                "engine",
                "escaping",
                "html",
                "nette",
                "security",
                "template",
                "twig"
            ],
            "time": "2018-06-03T17:34:15+00:00"
        },
        {
            "name": "nette/application",
            "version": "v2.4.12",
            "source": {
                "type": "git",
                "url": "https://github.com/nette/application.git",
                "reference": "fe1915f880d8e5d16217bad467950733fd5cbad3"
            },
            "dist": {
                "type": "zip",
                "url": "https://api.github.com/repos/nette/application/zipball/fe1915f880d8e5d16217bad467950733fd5cbad3",
                "reference": "fe1915f880d8e5d16217bad467950733fd5cbad3",
                "shasum": ""
            },
            "require": {
                "nette/component-model": "^2.3",
                "nette/http": "^2.2",
                "nette/reflection": "^2.2",
                "nette/utils": "^2.4 || ~3.0.0",
                "php": ">=5.6.0"
            },
            "conflict": {
                "nette/di": "<2.4",
                "nette/forms": "<2.4",
                "nette/latte": "<2.4",
                "nette/nette": "<2.2"
            },
            "require-dev": {
                "latte/latte": "^2.4.3",
                "mockery/mockery": "^0.9.5",
                "nette/di": "^2.4 || ~3.0.0",
                "nette/forms": "^2.4",
                "nette/robot-loader": "^2.4.2 || ^3.0",
                "nette/security": "^2.4",
                "nette/tester": "^2.0",
                "tracy/tracy": "^2.4"
            },
            "suggest": {
                "latte/latte": "Allows using Latte in templates",
                "nette/forms": "Allows to use Nette\\Application\\UI\\Form"
            },
            "type": "library",
            "extra": {
                "branch-alias": {
                    "dev-master": "2.4-dev"
                }
            },
            "autoload": {
                "classmap": [
                    "src/"
                ],
                "files": [
                    "src/compatibility.php"
                ]
            },
            "notification-url": "https://packagist.org/downloads/",
            "license": [
                "BSD-3-Clause",
                "GPL-2.0",
                "GPL-3.0"
            ],
            "authors": [
                {
                    "name": "David Grudl",
                    "homepage": "https://davidgrudl.com"
                },
                {
                    "name": "Nette Community",
                    "homepage": "https://nette.org/contributors"
                }
            ],
            "description": "? Nette Application: a full-stack component-based MVC kernel for PHP that helps you write powerful and modern web applications. Write less, have cleaner code and your work will bring you joy.",
            "homepage": "https://nette.org",
            "keywords": [
                "Forms",
                "component-based",
                "control",
                "framework",
                "mvc",
                "mvp",
                "nette",
                "presenter",
                "routing",
                "seo"
            ],
            "time": "2018-05-16T09:28:51+00:00"
        },
        {
            "name": "nette/bootstrap",
            "version": "v2.4.6",
            "source": {
                "type": "git",
                "url": "https://github.com/nette/bootstrap.git",
                "reference": "268816e3f1bb7426c3a4ceec2bd38a036b532543"
            },
            "dist": {
                "type": "zip",
                "url": "https://api.github.com/repos/nette/bootstrap/zipball/268816e3f1bb7426c3a4ceec2bd38a036b532543",
                "reference": "268816e3f1bb7426c3a4ceec2bd38a036b532543",
                "shasum": ""
            },
            "require": {
                "nette/di": "~2.4.7",
                "nette/utils": "~2.4",
                "php": ">=5.6.0"
            },
            "conflict": {
                "nette/nette": "<2.2"
            },
            "require-dev": {
                "latte/latte": "~2.2",
                "nette/application": "~2.3",
                "nette/caching": "~2.3",
                "nette/database": "~2.3",
                "nette/forms": "~2.3",
                "nette/http": "~2.4.0",
                "nette/mail": "~2.3",
                "nette/robot-loader": "^2.4.2 || ^3.0",
                "nette/safe-stream": "~2.2",
                "nette/security": "~2.3",
                "nette/tester": "~2.0",
                "tracy/tracy": "^2.4.1"
            },
            "suggest": {
                "nette/robot-loader": "to use Configurator::createRobotLoader()",
                "tracy/tracy": "to use Configurator::enableTracy()"
            },
            "type": "library",
            "extra": {
                "branch-alias": {
                    "dev-master": "2.4-dev"
                }
            },
            "autoload": {
                "classmap": [
                    "src/"
                ]
            },
            "notification-url": "https://packagist.org/downloads/",
            "license": [
                "BSD-3-Clause",
                "GPL-2.0",
                "GPL-3.0"
            ],
            "authors": [
                {
                    "name": "David Grudl",
                    "homepage": "https://davidgrudl.com"
                },
                {
                    "name": "Nette Community",
                    "homepage": "https://nette.org/contributors"
                }
            ],
            "description": "? Nette Bootstrap: the simple way to configure and bootstrap your Nette application.",
            "homepage": "https://nette.org",
            "keywords": [
                "bootstrapping",
                "configurator",
                "nette"
            ],
            "time": "2018-05-17T12:52:20+00:00"
        },
        {
            "name": "nette/caching",
            "version": "v2.5.8",
            "source": {
                "type": "git",
                "url": "https://github.com/nette/caching.git",
                "reference": "7fba7c7ab2585fafb7b31152f2595e1551120555"
            },
            "dist": {
                "type": "zip",
                "url": "https://api.github.com/repos/nette/caching/zipball/7fba7c7ab2585fafb7b31152f2595e1551120555",
                "reference": "7fba7c7ab2585fafb7b31152f2595e1551120555",
                "shasum": ""
            },
            "require": {
                "nette/finder": "^2.2 || ~3.0.0",
                "nette/utils": "^2.4 || ~3.0.0",
                "php": ">=5.6.0"
            },
            "conflict": {
                "nette/nette": "<2.2"
            },
            "require-dev": {
                "latte/latte": "^2.4",
                "nette/di": "^2.4 || ~3.0.0",
                "nette/tester": "^2.0",
                "tracy/tracy": "^2.4"
            },
            "suggest": {
                "ext-pdo_sqlite": "to use SQLiteStorage or SQLiteJournal"
            },
            "type": "library",
            "extra": {
                "branch-alias": {
                    "dev-master": "2.5-dev"
                }
            },
            "autoload": {
                "classmap": [
                    "src/"
                ]
            },
            "notification-url": "https://packagist.org/downloads/",
            "license": [
                "BSD-3-Clause",
                "GPL-2.0",
                "GPL-3.0"
            ],
            "authors": [
                {
                    "name": "David Grudl",
                    "homepage": "https://davidgrudl.com"
                },
                {
                    "name": "Nette Community",
                    "homepage": "https://nette.org/contributors"
                }
            ],
            "description": "⏱ Nette Caching: library with easy-to-use API and many cache backends.",
            "homepage": "https://nette.org",
            "keywords": [
                "cache",
                "journal",
                "memcached",
                "nette",
                "sqlite"
            ],
            "time": "2018-03-21T11:04:32+00:00"
        },
        {
            "name": "nette/component-model",
            "version": "v2.4.0",
            "source": {
                "type": "git",
                "url": "https://github.com/nette/component-model.git",
                "reference": "6e7980f5ddec31f68a39e767799b1b0be9dd1014"
            },
            "dist": {
                "type": "zip",
                "url": "https://api.github.com/repos/nette/component-model/zipball/6e7980f5ddec31f68a39e767799b1b0be9dd1014",
                "reference": "6e7980f5ddec31f68a39e767799b1b0be9dd1014",
                "shasum": ""
            },
            "require": {
                "nette/utils": "^2.5 || ~3.0.0",
                "php": ">=5.6.0"
            },
            "conflict": {
                "nette/application": "<2.4",
                "nette/nette": "<2.2"
            },
            "require-dev": {
                "nette/tester": "^2.0",
                "tracy/tracy": "^2.3"
            },
            "type": "library",
            "extra": {
                "branch-alias": {
                    "dev-master": "2.4-dev"
                }
            },
            "autoload": {
                "classmap": [
                    "src/"
                ]
            },
            "notification-url": "https://packagist.org/downloads/",
            "license": [
                "BSD-3-Clause",
                "GPL-2.0",
                "GPL-3.0"
            ],
            "authors": [
                {
                    "name": "David Grudl",
                    "homepage": "https://davidgrudl.com"
                },
                {
                    "name": "Nette Community",
                    "homepage": "https://nette.org/contributors"
                }
            ],
            "description": "⚛ Nette Component Model",
            "homepage": "https://nette.org",
            "keywords": [
                "components",
                "nette"
            ],
            "time": "2018-03-20T16:32:50+00:00"
        },
        {
            "name": "nette/di",
            "version": "v2.4.13",
            "source": {
                "type": "git",
                "url": "https://github.com/nette/di.git",
                "reference": "3f8f212b02d5c17feb97a7e0a39ab306f40c06ca"
            },
            "dist": {
                "type": "zip",
                "url": "https://api.github.com/repos/nette/di/zipball/3f8f212b02d5c17feb97a7e0a39ab306f40c06ca",
                "reference": "3f8f212b02d5c17feb97a7e0a39ab306f40c06ca",
                "shasum": ""
            },
            "require": {
                "ext-tokenizer": "*",
                "nette/neon": "^2.3.3 || ~3.0.0",
                "nette/php-generator": "^2.6.1 || ~3.0.0",
                "nette/utils": "^2.4.3 || ~3.0.0",
                "php": ">=5.6.0"
            },
            "conflict": {
                "nette/bootstrap": "<2.4",
                "nette/nette": "<2.2"
            },
            "require-dev": {
                "nette/tester": "^2.0",
                "tracy/tracy": "^2.3"
            },
            "type": "library",
            "extra": {
                "branch-alias": {
                    "dev-master": "2.4-dev"
                }
            },
            "autoload": {
                "classmap": [
                    "src/"
                ]
            },
            "notification-url": "https://packagist.org/downloads/",
            "license": [
                "BSD-3-Clause",
                "GPL-2.0",
                "GPL-3.0"
            ],
            "authors": [
                {
                    "name": "David Grudl",
                    "homepage": "https://davidgrudl.com"
                },
                {
                    "name": "Nette Community",
                    "homepage": "https://nette.org/contributors"
                }
            ],
            "description": "? Nette Dependency Injection Container: Flexible, compiled and full-featured DIC with perfectly usable autowiring and support for all new PHP 7.1 features.",
            "homepage": "https://nette.org",
            "keywords": [
                "compiled",
                "di",
                "dic",
                "factory",
                "ioc",
                "nette",
                "static"
            ],
            "time": "2018-06-11T08:46:01+00:00"
        },
        {
            "name": "nette/finder",
            "version": "v2.4.2",
            "source": {
                "type": "git",
                "url": "https://github.com/nette/finder.git",
                "reference": "ee951a656cb8ac622e5dd33474a01fd2470505a0"
            },
            "dist": {
                "type": "zip",
                "url": "https://api.github.com/repos/nette/finder/zipball/ee951a656cb8ac622e5dd33474a01fd2470505a0",
                "reference": "ee951a656cb8ac622e5dd33474a01fd2470505a0",
                "shasum": ""
            },
            "require": {
                "nette/utils": "~2.4",
                "php": ">=5.6.0"
            },
            "conflict": {
                "nette/nette": "<2.2"
            },
            "require-dev": {
                "nette/tester": "~2.0",
                "tracy/tracy": "^2.3"
            },
            "type": "library",
            "extra": {
                "branch-alias": {
                    "dev-master": "2.4-dev"
                }
            },
            "autoload": {
                "classmap": [
                    "src/"
                ]
            },
            "notification-url": "https://packagist.org/downloads/",
            "license": [
                "BSD-3-Clause",
                "GPL-2.0",
                "GPL-3.0"
            ],
            "authors": [
                {
                    "name": "David Grudl",
                    "homepage": "https://davidgrudl.com"
                },
                {
                    "name": "Nette Community",
                    "homepage": "https://nette.org/contributors"
                }
            ],
            "description": "? Nette Finder: find files and directories with an intuitive API.",
            "homepage": "https://nette.org",
            "keywords": [
                "filesystem",
                "glob",
                "iterator",
                "nette"
            ],
            "time": "2018-06-28T11:49:23+00:00"
        },
        {
            "name": "nette/http",
            "version": "v2.4.9",
            "source": {
                "type": "git",
                "url": "https://github.com/nette/http.git",
                "reference": "2107b7983024e526d8f83e0b85793a05151737bf"
            },
            "dist": {
                "type": "zip",
                "url": "https://api.github.com/repos/nette/http/zipball/2107b7983024e526d8f83e0b85793a05151737bf",
                "reference": "2107b7983024e526d8f83e0b85793a05151737bf",
                "shasum": ""
            },
            "require": {
                "nette/utils": "^2.4 || ~3.0.0",
                "php": ">=5.6.0"
            },
            "conflict": {
                "nette/nette": "<2.2"
            },
            "require-dev": {
                "nette/di": "^2.4.8 || ~3.0.0",
                "nette/tester": "^2.0",
                "tracy/tracy": "^2.4"
            },
            "suggest": {
                "ext-fileinfo": "to detect type of uploaded files",
                "nette/security": "allows use Nette\\Http\\UserStorage"
            },
            "type": "library",
            "extra": {
                "branch-alias": {
                    "dev-master": "2.4-dev"
                }
            },
            "autoload": {
                "classmap": [
                    "src/"
                ]
            },
            "notification-url": "https://packagist.org/downloads/",
            "license": [
                "BSD-3-Clause",
                "GPL-2.0",
                "GPL-3.0"
            ],
            "authors": [
                {
                    "name": "David Grudl",
                    "homepage": "https://davidgrudl.com"
                },
                {
                    "name": "Nette Community",
                    "homepage": "https://nette.org/contributors"
                }
            ],
            "description": "? Nette Http: abstraction for HTTP request, response and session. Provides careful data sanitization and utility for URL and cookies manipulation.",
            "homepage": "https://nette.org",
            "keywords": [
                "cookies",
                "http",
                "nette",
                "proxy",
                "request",
                "response",
                "security",
                "session",
                "url"
            ],
            "time": "2018-04-26T09:25:36+00:00"
        },
        {
            "name": "nette/neon",
            "version": "v2.4.3",
            "source": {
                "type": "git",
                "url": "https://github.com/nette/neon.git",
                "reference": "5e72b1dd3e2d34f0863c5561139a19df6a1ef398"
            },
            "dist": {
                "type": "zip",
                "url": "https://api.github.com/repos/nette/neon/zipball/5e72b1dd3e2d34f0863c5561139a19df6a1ef398",
                "reference": "5e72b1dd3e2d34f0863c5561139a19df6a1ef398",
                "shasum": ""
            },
            "require": {
                "ext-iconv": "*",
                "ext-json": "*",
                "php": ">=5.6.0"
            },
            "require-dev": {
                "nette/tester": "~2.0",
                "tracy/tracy": "^2.3"
            },
            "type": "library",
            "extra": {
                "branch-alias": {
                    "dev-master": "2.4-dev"
                }
            },
            "autoload": {
                "classmap": [
                    "src/"
                ]
            },
            "notification-url": "https://packagist.org/downloads/",
            "license": [
                "BSD-3-Clause",
                "GPL-2.0",
                "GPL-3.0"
            ],
            "authors": [
                {
                    "name": "David Grudl",
                    "homepage": "https://davidgrudl.com"
                },
                {
                    "name": "Nette Community",
                    "homepage": "https://nette.org/contributors"
                }
            ],
            "description": "? Nette NEON: encodes and decodes NEON file format.",
            "homepage": "http://ne-on.org",
            "keywords": [
                "export",
                "import",
                "neon",
                "nette",
                "yaml"
            ],
            "time": "2018-03-21T12:12:21+00:00"
        },
        {
            "name": "nette/php-generator",
            "version": "v3.0.5",
            "source": {
                "type": "git",
                "url": "https://github.com/nette/php-generator.git",
                "reference": "ea90209c2e8a7cd087b2742ca553c047a8df5eff"
            },
            "dist": {
                "type": "zip",
                "url": "https://api.github.com/repos/nette/php-generator/zipball/ea90209c2e8a7cd087b2742ca553c047a8df5eff",
                "reference": "ea90209c2e8a7cd087b2742ca553c047a8df5eff",
                "shasum": ""
            },
            "require": {
                "nette/utils": "^2.4.2 || ~3.0.0",
                "php": ">=7.0"
            },
            "conflict": {
                "nette/nette": "<2.2"
            },
            "require-dev": {
                "nette/tester": "^2.0",
                "tracy/tracy": "^2.3"
            },
            "type": "library",
            "extra": {
                "branch-alias": {
                    "dev-master": "3.0-dev"
                }
            },
            "autoload": {
                "classmap": [
                    "src/"
                ]
            },
            "notification-url": "https://packagist.org/downloads/",
            "license": [
                "BSD-3-Clause",
                "GPL-2.0",
                "GPL-3.0"
            ],
            "authors": [
                {
                    "name": "David Grudl",
                    "homepage": "https://davidgrudl.com"
                },
                {
                    "name": "Nette Community",
                    "homepage": "https://nette.org/contributors"
                }
            ],
            "description": "? Nette PHP Generator: generates neat PHP code for you. Supports new PHP 7.2 features.",
            "homepage": "https://nette.org",
            "keywords": [
                "code",
                "nette",
                "php",
                "scaffolding"
            ],
            "time": "2018-08-09T14:32:27+00:00"
        },
        {
            "name": "nette/reflection",
            "version": "v2.4.2",
            "source": {
                "type": "git",
                "url": "https://github.com/nette/reflection.git",
                "reference": "b12327e98ead74e87a1315e0d48182a702adf901"
            },
            "dist": {
                "type": "zip",
                "url": "https://api.github.com/repos/nette/reflection/zipball/b12327e98ead74e87a1315e0d48182a702adf901",
                "reference": "b12327e98ead74e87a1315e0d48182a702adf901",
                "shasum": ""
            },
            "require": {
                "ext-tokenizer": "*",
                "nette/caching": "^2.2 || ^3.0",
                "nette/utils": "^2.4 || ^3.0",
                "php": ">=5.6.0"
            },
            "conflict": {
                "nette/nette": "<2.2"
            },
            "require-dev": {
                "nette/di": "^2.4 || ^3.0",
                "nette/tester": "^2.0",
                "tracy/tracy": "^2.4"
            },
            "type": "library",
            "extra": {
                "branch-alias": {
                    "dev-master": "2.4-dev"
                }
            },
            "autoload": {
                "classmap": [
                    "src/"
                ]
            },
            "notification-url": "https://packagist.org/downloads/",
            "license": [
                "BSD-3-Clause",
                "GPL-2.0",
                "GPL-3.0"
            ],
            "authors": [
                {
                    "name": "David Grudl",
                    "homepage": "https://davidgrudl.com"
                },
                {
                    "name": "Nette Community",
                    "homepage": "https://nette.org/contributors"
                }
            ],
            "description": "Nette Reflection: docblock annotations parser and common reflection classes",
            "homepage": "https://nette.org",
            "keywords": [
                "annotation",
                "nette",
                "reflection"
            ],
            "abandoned": true,
            "time": "2017-07-11T19:28:57+00:00"
        },
        {
            "name": "nette/utils",
            "version": "v2.5.2",
            "source": {
                "type": "git",
                "url": "https://github.com/nette/utils.git",
                "reference": "183069866dc477fcfbac393ed486aaa6d93d19a5"
            },
            "dist": {
                "type": "zip",
                "url": "https://api.github.com/repos/nette/utils/zipball/183069866dc477fcfbac393ed486aaa6d93d19a5",
                "reference": "183069866dc477fcfbac393ed486aaa6d93d19a5",
                "shasum": ""
            },
            "require": {
                "php": ">=5.6.0"
            },
            "conflict": {
                "nette/nette": "<2.2"
            },
            "require-dev": {
                "nette/tester": "~2.0",
                "tracy/tracy": "^2.3"
            },
            "suggest": {
                "ext-gd": "to use Image",
                "ext-iconv": "to use Strings::webalize() and toAscii()",
                "ext-intl": "for script transliteration in Strings::webalize() and toAscii()",
                "ext-json": "to use Nette\\Utils\\Json",
                "ext-mbstring": "to use Strings::lower() etc...",
                "ext-xml": "to use Strings::length() etc. when mbstring is not available"
            },
            "type": "library",
            "extra": {
                "branch-alias": {
                    "dev-master": "2.5-dev"
                }
            },
            "autoload": {
                "classmap": [
                    "src/"
                ],
                "files": [
                    "src/loader.php"
                ]
            },
            "notification-url": "https://packagist.org/downloads/",
            "license": [
                "BSD-3-Clause",
                "GPL-2.0",
                "GPL-3.0"
            ],
            "authors": [
                {
                    "name": "David Grudl",
                    "homepage": "https://davidgrudl.com"
                },
                {
                    "name": "Nette Community",
                    "homepage": "https://nette.org/contributors"
                }
            ],
            "description": "? Nette Utils: lightweight utilities for string & array manipulation, image handling, safe JSON encoding/decoding, validation, slug or strong password generating etc.",
            "homepage": "https://nette.org",
            "keywords": [
                "array",
                "core",
                "datetime",
                "images",
                "json",
                "nette",
                "paginator",
                "password",
                "slugify",
                "string",
                "unicode",
                "utf-8",
                "utility",
                "validation"
            ],
            "time": "2018-05-02T17:16:08+00:00"
        },
        {
            "name": "tracy/tracy",
            "version": "v2.6.8",
            "source": {
                "type": "git",
                "url": "https://github.com/nette/tracy.git",
                "reference": "d3bb9f43692df5e3b83ab8004d3e6208034ac0ca"
            },
            "dist": {
                "type": "zip",
                "url": "https://api.github.com/repos/nette/tracy/zipball/d3bb9f43692df5e3b83ab8004d3e6208034ac0ca",
                "reference": "d3bb9f43692df5e3b83ab8004d3e6208034ac0ca",
                "shasum": ""
            },
            "require": {
                "ext-json": "*",
                "ext-session": "*",
                "php": ">=7.1"
            },
            "require-dev": {
                "nette/di": "^2.4 || ~3.0.0",
                "nette/tester": "^2.2",
                "nette/utils": "^2.4 || ^3.0",
                "psr/log": "^1.0"
            },
            "suggest": {
                "https://nette.org/donate": "Please support Tracy via a donation"
            },
            "type": "library",
            "extra": {
                "branch-alias": {
                    "dev-master": "2.6-dev"
                }
            },
            "autoload": {
                "classmap": [
                    "src"
                ],
                "files": [
                    "src/Tracy/shortcuts.php"
                ]
            },
            "notification-url": "https://packagist.org/downloads/",
            "license": [
                "BSD-3-Clause"
            ],
            "authors": [
                {
                    "name": "David Grudl",
                    "homepage": "https://davidgrudl.com"
                },
                {
                    "name": "Nette Community",
                    "homepage": "https://nette.org/contributors"
                }
            ],
            "description": "😎 Tracy: the addictive tool to ease debugging PHP code for cool developers. Friendly design, logging, profiler, advanced features like debugging AJAX calls or CLI support. You will love it.",
            "homepage": "https://tracy.nette.org",
            "keywords": [
                "Xdebug",
                "debug",
                "debugger",
                "nette",
                "profiler"
            ],
            "time": "2020-05-17T09:37:45+00:00"
        },
        {
            "name": "trejjam/base-extension",
            "version": "v0.7.0",
            "source": {
                "type": "git",
                "url": "https://github.com/Trejjam/BaseExtension.git",
                "reference": "0cb6bff7aeb21f24e01aa11bcb3db917af23765b"
            },
            "dist": {
                "type": "zip",
                "url": "https://api.github.com/repos/Trejjam/BaseExtension/zipball/0cb6bff7aeb21f24e01aa11bcb3db917af23765b",
                "reference": "0cb6bff7aeb21f24e01aa11bcb3db917af23765b",
                "shasum": ""
            },
            "require": {
                "nette/di": "~2.3",
                "nette/utils": "~2.3",
                "php": ">=7.1"
            },
            "require-dev": {
                "nette/tester": "@dev"
            },
            "type": "library",
            "extra": {
                "branch-alias": {
                    "dev-master": "v0.7.x-dev"
                }
            },
            "autoload": {
                "psr-4": {
                    "Trejjam\\BaseExtension\\": "src/"
                }
            },
            "notification-url": "https://packagist.org/downloads/",
            "license": [
                "MIT"
            ],
            "authors": [
                {
                    "name": "Jan Trejbal"
                }
            ],
            "description": "Simple Nette extension helper",
            "keywords": [
                "base extension",
                "nette"
            ],
            "time": "2017-10-28T12:19:21+00:00"
        }
    ],
    "packages-dev": [],
    "aliases": [],
    "minimum-stability": "stable",
    "stability-flags": [],
    "prefer-stable": false,
    "prefer-lowest": false,
    "platform": {
        "php": ">= 7.1",
        "ext-bcmath": "*"
    },
    "platform-dev": []
}
