{
    "_readme": [
        "This file locks the dependencies of your project to a known state",
        "Read more about it at https://getcomposer.org/doc/01-basic-usage.md#composer-lock-the-lock-file",
        "This file is @generated automatically"
    ],
    "content-hash": "21a9c8553c5b0c5b13fbde7fb7393917",
    "packages": [
        {
            "name": "contributte/api",
            "version": "v0.3",
            "source": {
                "type": "git",
                "url": "https://github.com/contributte/api.git",
                "reference": "1e47e93ac8531cb001a23040017c1ab36d0fa802"
            },
            "dist": {
                "type": "zip",
                "url": "https://api.github.com/repos/contributte/api/zipball/1e47e93ac8531cb001a23040017c1ab36d0fa802",
                "reference": "1e47e93ac8531cb001a23040017c1ab36d0fa802",
                "shasum": ""
            },
            "require": {
                "contributte/middlewares": "^0.3.0",
                "contributte/phpdoc": "^0.1.0",
                "contributte/psr7-http-message": "^0.2.0",
                "php": ">= 5.6"
            },
            "require-dev": {
                "mockery/mockery": "^0.9.9",
                "nette/di": "^2.4.9",
                "ninjify/nunjuck": "^0.1.4",
                "ninjify/qa": "^0.4.0",
                "tracy/tracy": "^2.4.8"
            },
            "suggest": {
                "nette/di": "to register Nette extensions [ApiAnnotationsExtension]",
                "tracy/tracy": "for tracy panel [ApiPanel]"
            },
            "type": "library",
            "autoload": {
                "psr-4": {
                    "Contributte\\Api\\": "src"
                }
            },
            "notification-url": "https://packagist.org/downloads/",
            "license": [
                "MIT"
            ],
            "authors": [
                {
                    "name": "Tlapnet",
                    "homepage": "https://tlapnet.cz"
                },
                {
                    "name": "Contributte Contributors",
                    "homepage": "https://github.com/contributte/api/graphs/contributors"
                },
                {
                    "name": "Milan Felix Sulc",
                    "homepage": "https://f3l1x.io"
                }
            ],
            "description": "Powerfull API [REST/Relay/Middleware/GraphQL/DataQL] for Nette Framework",
            "homepage": "https://github.com/contributte/api",
            "keywords": [
                "api",
                "graphql",
                "json",
                "middlewares",
                "nette",
                "psr7",
                "rest"
            ],
            "time": "2017-08-11T14:33:15+00:00"
        },
        {
            "name": "contributte/di",
            "version": "v0.2",
            "source": {
                "type": "git",
                "url": "https://github.com/contributte/di.git",
                "reference": "77275095506d6859b1c8139bb90642953e564fd4"
            },
            "dist": {
                "type": "zip",
                "url": "https://api.github.com/repos/contributte/di/zipball/77275095506d6859b1c8139bb90642953e564fd4",
                "reference": "77275095506d6859b1c8139bb90642953e564fd4",
                "shasum": ""
            },
            "require": {
                "nette/di": "^2.4.5",
                "nette/utils": "^2.4.2",
                "php": ">= 5.6"
            },
            "require-dev": {
                "nette/reflection": "^2.4.0",
                "nette/robot-loader": "^2.4.2",
                "ninjify/nunjuck": "^0.1.4",
                "ninjify/qa": "^0.3.3"
            },
            "suggest": {
                "nette/reflection": "to use AutoloadExtension[CompilerExtension]",
                "nette/robot-loader": "to use AutoloadExtension[CompilerExtension]"
            },
            "type": "library",
            "autoload": {
                "psr-4": {
                    "Contributte\\DI\\": "src"
                }
            },
            "notification-url": "https://packagist.org/downloads/",
            "license": [
                "MIT"
            ],
            "authors": [
                {
                    "name": "Milan Felix Sulc",
                    "homepage": "https://f3l1x.io"
                }
            ],
            "description": "Extra contrib to nette/di",
            "homepage": "https://github.com/contributte/di",
            "keywords": [
                "dependency",
                "inject",
                "nette"
            ],
            "time": "2017-08-07T15:35:03+00:00"
        },
        {
            "name": "contributte/middlewares",
            "version": "v0.3",
            "source": {
                "type": "git",
                "url": "https://github.com/contributte/middlewares.git",
                "reference": "ea0d32ab6ab34f38c33120f6a8878fee9ae0b7b9"
            },
            "dist": {
                "type": "zip",
                "url": "https://api.github.com/repos/contributte/middlewares/zipball/ea0d32ab6ab34f38c33120f6a8878fee9ae0b7b9",
                "reference": "ea0d32ab6ab34f38c33120f6a8878fee9ae0b7b9",
                "shasum": ""
            },
            "require": {
                "contributte/psr7-http-message": "^0.2.0",
                "php": ">= 5.6"
            },
            "require-dev": {
                "nette/application": "^2.4.8",
                "nette/di": "^2.4.9",
                "nette/http": "^2.4.6",
                "ninjify/nunjuck": "^0.1.4",
                "ninjify/qa": "^0.4.0",
                "tracy/tracy": "^2.4.8"
            },
            "suggest": {
                "nette/application": "to use PresenterMiddleware",
                "nette/di": "to use CompilerExtension(NetteMiddlewareExtension | StandaloneMiddlewareExtension)",
                "nette/htt": "to use NetteMiddlewareExtension & NetteMiddlewareApplication",
                "tracy/tracy": "to use TracyMiddleware"
            },
            "type": "library",
            "autoload": {
                "psr-4": {
                    "Contributte\\Middlewares\\": "src"
                }
            },
            "notification-url": "https://packagist.org/downloads/",
            "license": [
                "MIT"
            ],
            "authors": [
                {
                    "name": "Milan Felix Sulc",
                    "homepage": "https://f3l1x.io"
                }
            ],
            "description": "Middleware / Relay / PSR-7 support to Nette Framework",
            "homepage": "https://github.com/contributte/middlewares",
            "keywords": [
                "Relay",
                "middleware",
                "nette"
            ],
            "time": "2017-08-11T17:14:55+00:00"
        },
        {
            "name": "contributte/phpdoc",
            "version": "v0.1",
            "source": {
                "type": "git",
                "url": "https://github.com/contributte/phpdoc.git",
                "reference": "506cef70e91612ead5df8eabf4fee3b4ac7a68cd"
            },
            "dist": {
                "type": "zip",
                "url": "https://api.github.com/repos/contributte/phpdoc/zipball/506cef70e91612ead5df8eabf4fee3b4ac7a68cd",
                "reference": "506cef70e91612ead5df8eabf4fee3b4ac7a68cd",
                "shasum": ""
            },
            "require": {
                "doctrine/annotations": "^1.4.0",
                "doctrine/cache": "^1.6.2",
                "nette/reflection": "^2.3.2",
                "php": ">= 5.6"
            },
            "require-dev": {
                "nette/di": "^2.4.9",
                "ninjify/nunjuck": "^0.1.4",
                "ninjify/qa": "^0.4.0"
            },
            "suggest": {
                "nette/di": "to register Nette extensions [PhpDocExtension]"
            },
            "type": "library",
            "autoload": {
                "psr-4": {
                    "Contributte\\PhpDoc\\": "src"
                }
            },
            "notification-url": "https://packagist.org/downloads/",
            "license": [
                "MIT"
            ],
            "authors": [
                {
                    "name": "Milan Felix Sulc",
                    "homepage": "https://f3l1x.io"
                }
            ],
            "description": "Doctrine Annotations for Nette Framework",
            "homepage": "https://github.com/contributte/phpdoc",
            "keywords": [
                "annotataions",
                "nette",
                "phpdoc",
                "reflection"
            ],
            "time": "2017-08-11T11:49:35+00:00"
        },
        {
            "name": "contributte/psr7-http-message",
            "version": "v0.2",
            "source": {
                "type": "git",
                "url": "https://github.com/contributte/psr7-http-message.git",
                "reference": "4e972ddf53aa2421579708fa30c1b3abd8bdd1b0"
            },
            "dist": {
                "type": "zip",
                "url": "https://api.github.com/repos/contributte/psr7-http-message/zipball/4e972ddf53aa2421579708fa30c1b3abd8bdd1b0",
                "reference": "4e972ddf53aa2421579708fa30c1b3abd8bdd1b0",
                "shasum": ""
            },
            "require": {
                "guzzlehttp/psr7": "^1.3.1",
                "php": ">= 5.6"
            },
            "require-dev": {
                "nette/application": "^2.4.4",
                "nette/di": "^2.4.9",
                "nette/http": "^2.4.4",
                "ninjify/nunjuck": "^0.1.4",
                "ninjify/qa": "^0.4.0"
            },
            "suggest": {
                "nette/application": "to use $request->withApplicationRequest[Nette\\Application\\Request]",
                "nette/di": "to use Psr7HttpExtension[CompilerExtension]",
                "nette/http": "to use $request->withHttpRequest[Nette\\Http\\Request], to use Psr7RequestFactory, to use Psr7ServerRequestFactory"
            },
            "type": "library",
            "autoload": {
                "psr-4": {
                    "Contributte\\Psr7\\": "src"
                }
            },
            "notification-url": "https://packagist.org/downloads/",
            "license": [
                "MIT"
            ],
            "authors": [
                {
                    "name": "Milan Felix Sulc",
                    "homepage": "https://f3l1x.io"
                }
            ],
            "description": "PSR-7 (HTTP Message Interface) to Nette Framework",
            "homepage": "https://github.com/contributte/psr7-http-message",
            "keywords": [
                "http",
                "message",
                "nette",
                "psr7",
                "request",
                "response"
            ],
            "time": "2017-08-10T15:06:09+00:00"
        },
        {
            "name": "doctrine/annotations",
            "version": "v1.5.0",
            "source": {
                "type": "git",
                "url": "https://github.com/doctrine/annotations.git",
                "reference": "5beebb01b025c94e93686b7a0ed3edae81fe3e7f"
            },
            "dist": {
                "type": "zip",
                "url": "https://api.github.com/repos/doctrine/annotations/zipball/5beebb01b025c94e93686b7a0ed3edae81fe3e7f",
                "reference": "5beebb01b025c94e93686b7a0ed3edae81fe3e7f",
                "shasum": ""
            },
            "require": {
                "doctrine/lexer": "1.*",
                "php": "^7.1"
            },
            "require-dev": {
                "doctrine/cache": "1.*",
                "phpunit/phpunit": "^5.7"
            },
            "type": "library",
            "extra": {
                "branch-alias": {
                    "dev-master": "1.5.x-dev"
                }
            },
            "autoload": {
                "psr-4": {
                    "Doctrine\\Common\\Annotations\\": "lib/Doctrine/Common/Annotations"
                }
            },
            "notification-url": "https://packagist.org/downloads/",
            "license": [
                "MIT"
            ],
            "authors": [
                {
                    "name": "Roman Borschel",
                    "email": "roman@code-factory.org"
                },
                {
                    "name": "Benjamin Eberlei",
                    "email": "kontakt@beberlei.de"
                },
                {
                    "name": "Guilherme Blanco",
                    "email": "guilhermeblanco@gmail.com"
                },
                {
                    "name": "Jonathan Wage",
                    "email": "jonwage@gmail.com"
                },
                {
                    "name": "Johannes Schmitt",
                    "email": "schmittjoh@gmail.com"
                }
            ],
            "description": "Docblock Annotations Parser",
            "homepage": "http://www.doctrine-project.org",
            "keywords": [
                "annotations",
                "docblock",
                "parser"
            ],
            "time": "2017-07-22T10:58:02+00:00"
        },
        {
            "name": "doctrine/cache",
            "version": "v1.7.0",
            "source": {
                "type": "git",
                "url": "https://github.com/doctrine/cache.git",
                "reference": "53d9518ffeb019c51d542ff60cb578f076d3ff16"
            },
            "dist": {
                "type": "zip",
                "url": "https://api.github.com/repos/doctrine/cache/zipball/53d9518ffeb019c51d542ff60cb578f076d3ff16",
                "reference": "53d9518ffeb019c51d542ff60cb578f076d3ff16",
                "shasum": ""
            },
            "require": {
                "php": "~7.1"
            },
            "conflict": {
                "doctrine/common": ">2.2,<2.4"
            },
            "require-dev": {
                "alcaeus/mongo-php-adapter": "^1.1",
                "mongodb/mongodb": "^1.1",
                "phpunit/phpunit": "^5.7",
                "predis/predis": "~1.0"
            },
            "suggest": {
                "alcaeus/mongo-php-adapter": "Required to use legacy MongoDB driver"
            },
            "type": "library",
            "extra": {
                "branch-alias": {
                    "dev-master": "1.7.x-dev"
                }
            },
            "autoload": {
                "psr-4": {
                    "Doctrine\\Common\\Cache\\": "lib/Doctrine/Common/Cache"
                }
            },
            "notification-url": "https://packagist.org/downloads/",
            "license": [
                "MIT"
            ],
            "authors": [
                {
                    "name": "Roman Borschel",
                    "email": "roman@code-factory.org"
                },
                {
                    "name": "Benjamin Eberlei",
                    "email": "kontakt@beberlei.de"
                },
                {
                    "name": "Guilherme Blanco",
                    "email": "guilhermeblanco@gmail.com"
                },
                {
                    "name": "Jonathan Wage",
                    "email": "jonwage@gmail.com"
                },
                {
                    "name": "Johannes Schmitt",
                    "email": "schmittjoh@gmail.com"
                }
            ],
            "description": "Caching library offering an object-oriented API for many cache backends",
            "homepage": "http://www.doctrine-project.org",
            "keywords": [
                "cache",
                "caching"
            ],
            "time": "2017-07-22T13:00:15+00:00"
        },
        {
            "name": "doctrine/lexer",
            "version": "v1.0.1",
            "source": {
                "type": "git",
                "url": "https://github.com/doctrine/lexer.git",
                "reference": "83893c552fd2045dd78aef794c31e694c37c0b8c"
            },
            "dist": {
                "type": "zip",
                "url": "https://api.github.com/repos/doctrine/lexer/zipball/83893c552fd2045dd78aef794c31e694c37c0b8c",
                "reference": "83893c552fd2045dd78aef794c31e694c37c0b8c",
                "shasum": ""
            },
            "require": {
                "php": ">=5.3.2"
            },
            "type": "library",
            "extra": {
                "branch-alias": {
                    "dev-master": "1.0.x-dev"
                }
            },
            "autoload": {
                "psr-0": {
                    "Doctrine\\Common\\Lexer\\": "lib/"
                }
            },
            "notification-url": "https://packagist.org/downloads/",
            "license": [
                "MIT"
            ],
            "authors": [
                {
                    "name": "Roman Borschel",
                    "email": "roman@code-factory.org"
                },
                {
                    "name": "Guilherme Blanco",
                    "email": "guilhermeblanco@gmail.com"
                },
                {
                    "name": "Johannes Schmitt",
                    "email": "schmittjoh@gmail.com"
                }
            ],
            "description": "Base library for a lexer that can be used in Top-Down, Recursive Descent Parsers.",
            "homepage": "http://www.doctrine-project.org",
            "keywords": [
                "lexer",
                "parser"
            ],
            "time": "2014-09-09T13:34:57+00:00"
        },
        {
            "name": "guzzlehttp/psr7",
            "version": "1.4.2",
            "source": {
                "type": "git",
                "url": "https://github.com/guzzle/psr7.git",
                "reference": "f5b8a8512e2b58b0071a7280e39f14f72e05d87c"
            },
            "dist": {
                "type": "zip",
                "url": "https://api.github.com/repos/guzzle/psr7/zipball/f5b8a8512e2b58b0071a7280e39f14f72e05d87c",
                "reference": "f5b8a8512e2b58b0071a7280e39f14f72e05d87c",
                "shasum": ""
            },
            "require": {
                "php": ">=5.4.0",
                "psr/http-message": "~1.0"
            },
            "provide": {
                "psr/http-message-implementation": "1.0"
            },
            "require-dev": {
                "phpunit/phpunit": "~4.0"
            },
            "type": "library",
            "extra": {
                "branch-alias": {
                    "dev-master": "1.4-dev"
                }
            },
            "autoload": {
                "psr-4": {
                    "GuzzleHttp\\Psr7\\": "src/"
                },
                "files": [
                    "src/functions_include.php"
                ]
            },
            "notification-url": "https://packagist.org/downloads/",
            "license": [
                "MIT"
            ],
            "authors": [
                {
                    "name": "Michael Dowling",
                    "email": "mtdowling@gmail.com",
                    "homepage": "https://github.com/mtdowling"
                },
                {
                    "name": "Tobias Schultze",
                    "homepage": "https://github.com/Tobion"
                }
            ],
            "description": "PSR-7 message implementation that also provides common utility methods",
            "keywords": [
                "http",
                "message",
                "request",
                "response",
                "stream",
                "uri",
                "url"
            ],
            "time": "2017-03-20T17:10:46+00:00"
        },
        {
            "name": "nette/bootstrap",
            "version": "v2.4.4",
            "source": {
                "type": "git",
                "url": "https://github.com/nette/bootstrap.git",
                "reference": "1b3ec25e9f9f98fe1051bde7b736509a1755a726"
            },
            "dist": {
                "type": "zip",
                "url": "https://api.github.com/repos/nette/bootstrap/zipball/1b3ec25e9f9f98fe1051bde7b736509a1755a726",
                "reference": "1b3ec25e9f9f98fe1051bde7b736509a1755a726",
                "shasum": ""
            },
            "require": {
                "nette/di": "~2.4.7",
                "nette/utils": "~2.4",
                "php": ">=5.6.0"
            },
            "conflict": {
                "nette/nette": "<2.2"
            },
            "require-dev": {
                "latte/latte": "~2.2",
                "nette/application": "~2.3",
                "nette/caching": "~2.3",
                "nette/database": "~2.3",
                "nette/forms": "~2.3",
                "nette/http": "~2.4.0",
                "nette/mail": "~2.3",
                "nette/robot-loader": "^2.4.2 || ^3.0",
                "nette/safe-stream": "~2.2",
                "nette/security": "~2.3",
                "nette/tester": "~2.0",
                "tracy/tracy": "^2.4.1"
            },
            "suggest": {
                "nette/robot-loader": "to use Configurator::createRobotLoader()",
                "tracy/tracy": "to use Configurator::enableTracy()"
            },
            "type": "library",
            "extra": {
                "branch-alias": {
                    "dev-master": "2.4-dev"
                }
            },
            "autoload": {
                "classmap": [
                    "src/"
                ]
            },
            "notification-url": "https://packagist.org/downloads/",
            "license": [
                "BSD-3-Clause",
                "GPL-2.0",
                "GPL-3.0"
            ],
            "authors": [
                {
                    "name": "David Grudl",
                    "homepage": "https://davidgrudl.com"
                },
                {
                    "name": "Nette Community",
                    "homepage": "https://nette.org/contributors"
                }
            ],
            "description": "Nette Bootstrap",
            "homepage": "https://nette.org",
            "time": "2017-07-11T11:45:32+00:00"
        },
        {
            "name": "nette/caching",
            "version": "v2.5.4",
            "source": {
                "type": "git",
                "url": "https://github.com/nette/caching.git",
                "reference": "6a15f06019c4e6ec97d312d31f8edceb01b85060"
            },
            "dist": {
                "type": "zip",
                "url": "https://api.github.com/repos/nette/caching/zipball/6a15f06019c4e6ec97d312d31f8edceb01b85060",
                "reference": "6a15f06019c4e6ec97d312d31f8edceb01b85060",
                "shasum": ""
            },
            "require": {
                "nette/finder": "^2.2 || ~3.0.0",
                "nette/utils": "^2.4 || ~3.0.0",
                "php": ">=5.6.0"
            },
            "conflict": {
                "nette/nette": "<2.2"
            },
            "require-dev": {
                "latte/latte": "^2.4",
                "nette/di": "^2.4 || ~3.0.0",
                "nette/tester": "^2.0",
                "tracy/tracy": "^2.4"
            },
            "suggest": {
                "ext-pdo_sqlite": "to use SQLiteStorage or SQLiteJournal"
            },
            "type": "library",
            "extra": {
                "branch-alias": {
                    "dev-master": "2.5-dev"
                }
            },
            "autoload": {
                "classmap": [
                    "src/"
                ]
            },
            "notification-url": "https://packagist.org/downloads/",
            "license": [
                "BSD-3-Clause",
                "GPL-2.0",
                "GPL-3.0"
            ],
            "authors": [
                {
                    "name": "David Grudl",
                    "homepage": "https://davidgrudl.com"
                },
                {
                    "name": "Nette Community",
                    "homepage": "https://nette.org/contributors"
                }
            ],
            "description": "Nette Caching Component",
            "homepage": "https://nette.org",
            "time": "2017-07-11T16:41:08+00:00"
        },
        {
            "name": "nette/di",
            "version": "v2.4.9",
            "source": {
                "type": "git",
                "url": "https://github.com/nette/di.git",
                "reference": "25437788ff126d0ae6b1f2f684ecdd823812abba"
            },
            "dist": {
                "type": "zip",
                "url": "https://api.github.com/repos/nette/di/zipball/25437788ff126d0ae6b1f2f684ecdd823812abba",
                "reference": "25437788ff126d0ae6b1f2f684ecdd823812abba",
                "shasum": ""
            },
            "require": {
                "ext-tokenizer": "*",
                "nette/neon": "^2.3.3 || ~3.0.0",
                "nette/php-generator": "^2.6.1 || ~3.0.0",
                "nette/utils": "^2.4.3 || ~3.0.0",
                "php": ">=5.6.0"
            },
            "conflict": {
                "nette/bootstrap": "<2.4",
                "nette/nette": "<2.2"
            },
            "require-dev": {
                "nette/tester": "^2.0",
                "tracy/tracy": "^2.3"
            },
            "type": "library",
            "extra": {
                "branch-alias": {
                    "dev-master": "2.4-dev"
                }
            },
            "autoload": {
                "classmap": [
                    "src/"
                ]
            },
            "notification-url": "https://packagist.org/downloads/",
            "license": [
                "BSD-3-Clause",
                "GPL-2.0",
                "GPL-3.0"
            ],
            "authors": [
                {
                    "name": "David Grudl",
                    "homepage": "https://davidgrudl.com"
                },
                {
                    "name": "Nette Community",
                    "homepage": "https://nette.org/contributors"
                }
            ],
            "description": "Nette Dependency Injection Component",
            "homepage": "https://nette.org",
            "time": "2017-07-11T17:55:11+00:00"
        },
        {
            "name": "nette/finder",
            "version": "v2.4.1",
            "source": {
                "type": "git",
                "url": "https://github.com/nette/finder.git",
                "reference": "4d43a66d072c57d585bf08a3ef68d3587f7e9547"
            },
            "dist": {
                "type": "zip",
                "url": "https://api.github.com/repos/nette/finder/zipball/4d43a66d072c57d585bf08a3ef68d3587f7e9547",
                "reference": "4d43a66d072c57d585bf08a3ef68d3587f7e9547",
                "shasum": ""
            },
            "require": {
                "nette/utils": "^2.4 || ~3.0.0",
                "php": ">=5.6.0"
            },
            "conflict": {
                "nette/nette": "<2.2"
            },
            "require-dev": {
                "nette/tester": "^2.0",
                "tracy/tracy": "^2.3"
            },
            "type": "library",
            "extra": {
                "branch-alias": {
                    "dev-master": "2.4-dev"
                }
            },
            "autoload": {
                "classmap": [
                    "src/"
                ]
            },
            "notification-url": "https://packagist.org/downloads/",
            "license": [
                "BSD-3-Clause",
                "GPL-2.0",
                "GPL-3.0"
            ],
            "authors": [
                {
                    "name": "David Grudl",
                    "homepage": "https://davidgrudl.com"
                },
                {
                    "name": "Nette Community",
                    "homepage": "https://nette.org/contributors"
                }
            ],
            "description": "Nette Finder: Files Searching",
            "homepage": "https://nette.org",
            "time": "2017-07-10T23:47:08+00:00"
        },
        {
            "name": "nette/http",
            "version": "v2.4.6",
            "source": {
                "type": "git",
                "url": "https://github.com/nette/http.git",
                "reference": "920984c48f59a91415dab9d231eb264cb42ec00e"
            },
            "dist": {
                "type": "zip",
                "url": "https://api.github.com/repos/nette/http/zipball/920984c48f59a91415dab9d231eb264cb42ec00e",
                "reference": "920984c48f59a91415dab9d231eb264cb42ec00e",
                "shasum": ""
            },
            "require": {
                "nette/utils": "^2.4 || ~3.0.0",
                "php": ">=5.6.0"
            },
            "conflict": {
                "nette/nette": "<2.2"
            },
            "require-dev": {
                "nette/di": "^2.4.6 || ~3.0.0",
                "nette/tester": "^2.0",
                "tracy/tracy": "^2.4"
            },
            "suggest": {
                "ext-fileinfo": "to detect type of uploaded files",
                "nette/security": "allows use Nette\\Http\\UserStorage"
            },
            "type": "library",
            "extra": {
                "branch-alias": {
                    "dev-master": "2.4-dev"
                }
            },
            "autoload": {
                "classmap": [
                    "src/"
                ]
            },
            "notification-url": "https://packagist.org/downloads/",
            "license": [
                "BSD-3-Clause",
                "GPL-2.0",
                "GPL-3.0"
            ],
            "authors": [
                {
                    "name": "David Grudl",
                    "homepage": "https://davidgrudl.com"
                },
                {
                    "name": "Nette Community",
                    "homepage": "https://nette.org/contributors"
                }
            ],
            "description": "Nette HTTP Component",
            "homepage": "https://nette.org",
            "time": "2017-07-11T11:48:05+00:00"
        },
        {
            "name": "nette/neon",
            "version": "v2.4.2",
            "source": {
                "type": "git",
                "url": "https://github.com/nette/neon.git",
                "reference": "9eacd50553b26b53a3977bfb2fea2166d4331622"
            },
            "dist": {
                "type": "zip",
                "url": "https://api.github.com/repos/nette/neon/zipball/9eacd50553b26b53a3977bfb2fea2166d4331622",
                "reference": "9eacd50553b26b53a3977bfb2fea2166d4331622",
                "shasum": ""
            },
            "require": {
                "ext-iconv": "*",
                "ext-json": "*",
                "php": ">=5.6.0"
            },
            "require-dev": {
                "nette/tester": "~2.0",
                "tracy/tracy": "^2.3"
            },
            "type": "library",
            "extra": {
                "branch-alias": {
                    "dev-master": "2.4-dev"
                }
            },
            "autoload": {
                "classmap": [
                    "src/"
                ]
            },
            "notification-url": "https://packagist.org/downloads/",
            "license": [
                "BSD-3-Clause",
                "GPL-2.0",
                "GPL-3.0"
            ],
            "authors": [
                {
                    "name": "David Grudl",
                    "homepage": "https://davidgrudl.com"
                },
                {
                    "name": "Nette Community",
                    "homepage": "https://nette.org/contributors"
                }
            ],
            "description": "Nette NEON: parser & generator for Nette Object Notation",
            "homepage": "http://ne-on.org",
            "time": "2017-07-11T18:29:08+00:00"
        },
        {
            "name": "nette/php-generator",
            "version": "v3.0.1",
            "source": {
                "type": "git",
                "url": "https://github.com/nette/php-generator.git",
                "reference": "eb2dbc9c3409e9db40568109ca4994d51373b60c"
            },
            "dist": {
                "type": "zip",
                "url": "https://api.github.com/repos/nette/php-generator/zipball/eb2dbc9c3409e9db40568109ca4994d51373b60c",
                "reference": "eb2dbc9c3409e9db40568109ca4994d51373b60c",
                "shasum": ""
            },
            "require": {
                "nette/utils": "^2.4.2 || ~3.0.0",
                "php": ">=7.0"
            },
            "conflict": {
                "nette/nette": "<2.2"
            },
            "require-dev": {
                "nette/tester": "^2.0",
                "tracy/tracy": "^2.3"
            },
            "type": "library",
            "extra": {
                "branch-alias": {
                    "dev-master": "3.0-dev"
                }
            },
            "autoload": {
                "classmap": [
                    "src/"
                ]
            },
            "notification-url": "https://packagist.org/downloads/",
            "license": [
                "BSD-3-Clause",
                "GPL-2.0",
                "GPL-3.0"
            ],
            "authors": [
                {
                    "name": "David Grudl",
                    "homepage": "https://davidgrudl.com"
                },
                {
                    "name": "Nette Community",
                    "homepage": "https://nette.org/contributors"
                }
            ],
            "description": "🐘 Nette PHP Generator: generates neat PHP code for you. Supports new PHP 7.1 features.",
            "homepage": "https://nette.org",
            "keywords": [
                "code",
                "nette",
                "php",
                "scaffolding"
            ],
            "time": "2017-07-11T19:07:13+00:00"
        },
        {
            "name": "nette/reflection",
            "version": "v2.4.2",
            "source": {
                "type": "git",
                "url": "https://github.com/nette/reflection.git",
                "reference": "b12327e98ead74e87a1315e0d48182a702adf901"
            },
            "dist": {
                "type": "zip",
                "url": "https://api.github.com/repos/nette/reflection/zipball/b12327e98ead74e87a1315e0d48182a702adf901",
                "reference": "b12327e98ead74e87a1315e0d48182a702adf901",
                "shasum": ""
            },
            "require": {
                "ext-tokenizer": "*",
                "nette/caching": "^2.2 || ^3.0",
                "nette/utils": "^2.4 || ^3.0",
                "php": ">=5.6.0"
            },
            "conflict": {
                "nette/nette": "<2.2"
            },
            "require-dev": {
                "nette/di": "^2.4 || ^3.0",
                "nette/tester": "^2.0",
                "tracy/tracy": "^2.4"
            },
            "type": "library",
            "extra": {
                "branch-alias": {
                    "dev-master": "2.4-dev"
                }
            },
            "autoload": {
                "classmap": [
                    "src/"
                ]
            },
            "notification-url": "https://packagist.org/downloads/",
            "license": [
                "BSD-3-Clause",
                "GPL-2.0",
                "GPL-3.0"
            ],
            "authors": [
                {
                    "name": "David Grudl",
                    "homepage": "https://davidgrudl.com"
                },
                {
                    "name": "Nette Community",
                    "homepage": "https://nette.org/contributors"
                }
            ],
            "description": "Nette Reflection: docblock annotations parser and common reflection classes",
            "homepage": "https://nette.org",
            "keywords": [
                "annotation",
                "nette",
                "reflection"
            ],
            "time": "2017-07-11T19:28:57+00:00"
        },
        {
            "name": "nette/robot-loader",
            "version": "v2.4.3",
            "source": {
                "type": "git",
                "url": "https://github.com/nette/robot-loader.git",
                "reference": "73149b9724ca24c1215b5d53860b77f113bcf063"
            },
            "dist": {
                "type": "zip",
                "url": "https://api.github.com/repos/nette/robot-loader/zipball/73149b9724ca24c1215b5d53860b77f113bcf063",
                "reference": "73149b9724ca24c1215b5d53860b77f113bcf063",
                "shasum": ""
            },
            "require": {
                "ext-tokenizer": "*",
                "nette/caching": "~2.2",
                "nette/finder": "~2.3",
                "nette/utils": "~2.4",
                "php": ">=5.6.0"
            },
            "conflict": {
                "nette/nette": "<2.2"
            },
            "require-dev": {
                "nette/tester": "~2.0",
                "tracy/tracy": "^2.3"
            },
            "type": "library",
            "extra": {
                "branch-alias": {
                    "dev-master": "2.4-dev"
                }
            },
            "autoload": {
                "classmap": [
                    "src/"
                ]
            },
            "notification-url": "https://packagist.org/downloads/",
            "license": [
                "BSD-3-Clause",
                "GPL-2.0",
                "GPL-3.0"
            ],
            "authors": [
                {
                    "name": "David Grudl",
                    "homepage": "https://davidgrudl.com"
                },
                {
                    "name": "Nette Community",
                    "homepage": "https://nette.org/contributors"
                }
            ],
            "description": "Nette RobotLoader: comfortable autoloading",
            "homepage": "https://nette.org",
            "time": "2017-07-11T00:21:10+00:00"
        },
        {
            "name": "nette/utils",
            "version": "v2.4.7",
            "source": {
                "type": "git",
                "url": "https://github.com/nette/utils.git",
                "reference": "2750d3948e255f59715a5e01c7453a1fec610996"
            },
            "dist": {
                "type": "zip",
                "url": "https://api.github.com/repos/nette/utils/zipball/2750d3948e255f59715a5e01c7453a1fec610996",
                "reference": "2750d3948e255f59715a5e01c7453a1fec610996",
                "shasum": ""
            },
            "require": {
                "php": ">=5.6.0"
            },
            "conflict": {
                "nette/nette": "<2.2"
            },
            "require-dev": {
                "nette/tester": "~2.0",
                "tracy/tracy": "^2.3"
            },
            "suggest": {
                "ext-gd": "to use Image",
                "ext-iconv": "to use Strings::webalize() and toAscii()",
                "ext-intl": "for script transliteration in Strings::webalize() and toAscii()",
                "ext-json": "to use Nette\\Utils\\Json",
                "ext-mbstring": "to use Strings::lower() etc...",
                "ext-xml": "to use Strings::length() etc. when mbstring is not available"
            },
            "type": "library",
            "extra": {
                "branch-alias": {
                    "dev-master": "2.4-dev"
                }
            },
            "autoload": {
                "classmap": [
                    "src/"
                ]
            },
            "notification-url": "https://packagist.org/downloads/",
            "license": [
                "BSD-3-Clause",
                "GPL-2.0",
                "GPL-3.0"
            ],
            "authors": [
                {
                    "name": "David Grudl",
                    "homepage": "https://davidgrudl.com"
                },
                {
                    "name": "Nette Community",
                    "homepage": "https://nette.org/contributors"
                }
            ],
            "description": "Nette Utility Classes",
            "homepage": "https://nette.org",
            "time": "2017-07-11T19:25:29+00:00"
        },
        {
            "name": "psr/http-message",
            "version": "1.0.1",
            "source": {
                "type": "git",
                "url": "https://github.com/php-fig/http-message.git",
                "reference": "f6561bf28d520154e4b0ec72be95418abe6d9363"
            },
            "dist": {
                "type": "zip",
                "url": "https://api.github.com/repos/php-fig/http-message/zipball/f6561bf28d520154e4b0ec72be95418abe6d9363",
                "reference": "f6561bf28d520154e4b0ec72be95418abe6d9363",
                "shasum": ""
            },
            "require": {
                "php": ">=5.3.0"
            },
            "type": "library",
            "extra": {
                "branch-alias": {
                    "dev-master": "1.0.x-dev"
                }
            },
            "autoload": {
                "psr-4": {
                    "Psr\\Http\\Message\\": "src/"
                }
            },
            "notification-url": "https://packagist.org/downloads/",
            "license": [
                "MIT"
            ],
            "authors": [
                {
                    "name": "PHP-FIG",
                    "homepage": "http://www.php-fig.org/"
                }
            ],
            "description": "Common interface for HTTP messages",
            "homepage": "https://github.com/php-fig/http-message",
            "keywords": [
                "http",
                "http-message",
                "psr",
                "psr-7",
                "request",
                "response"
            ],
            "time": "2016-08-06T14:39:51+00:00"
        },
        {
            "name": "tracy/tracy",
            "version": "v2.4.8",
            "source": {
                "type": "git",
                "url": "https://github.com/nette/tracy.git",
                "reference": "4538cbe7f11d03d78afd34a168ca1c966792a3d6"
            },
            "dist": {
                "type": "zip",
                "url": "https://api.github.com/repos/nette/tracy/zipball/4538cbe7f11d03d78afd34a168ca1c966792a3d6",
                "reference": "4538cbe7f11d03d78afd34a168ca1c966792a3d6",
                "shasum": ""
            },
            "require": {
                "ext-json": "*",
                "ext-session": "*",
                "php": ">=5.4.4"
            },
            "require-dev": {
                "nette/di": "~2.3",
                "nette/tester": "~2.0"
            },
            "suggest": {
                "https://nette.org/donate": "Please support Tracy via a donation"
            },
            "type": "library",
            "extra": {
                "branch-alias": {
                    "dev-master": "2.4-dev"
                }
            },
            "autoload": {
                "classmap": [
                    "src"
                ],
                "files": [
                    "src/shortcuts.php"
                ]
            },
            "notification-url": "https://packagist.org/downloads/",
            "license": [
                "BSD-3-Clause",
                "GPL-2.0",
                "GPL-3.0"
            ],
            "authors": [
                {
                    "name": "David Grudl",
                    "homepage": "https://davidgrudl.com"
                },
                {
                    "name": "Nette Community",
                    "homepage": "https://nette.org/contributors"
                }
            ],
            "description": "😎 Tracy: the addictive tool to ease debugging PHP code for cool developers. Friendly design, logging, profiler, advanced features like debugging AJAX calls or CLI support. You will love it.",
            "homepage": "https://tracy.nette.org",
            "keywords": [
                "Xdebug",
                "debug",
                "debugger",
                "nette",
                "profiler"
            ],
            "time": "2017-07-14T06:38:56+00:00"
        }
    ],
    "packages-dev": [],
    "aliases": [],
    "minimum-stability": "stable",
    "stability-flags": [],
    "prefer-stable": false,
    "prefer-lowest": false,
    "platform": {
        "php": ">= 5.6"
    },
    "platform-dev": []
}
