{
	"requires": true,
	"lockfileVersion": 1,
	"dependencies": {
		"bootstrap": {
			"version": "4.4.1",
			"resolved": "https://registry.npmjs.org/bootstrap/-/bootstrap-4.4.1.tgz",
			"integrity": "sha512-tbx5cHubwE6e2ZG7nqM3g/FZ5PQEDMWmMGNrCUBVRPHXTJaH7CBDdsLeu3eCh3B1tzAxTnAbtmrzvWEvT2NNEA==",
			"dev": true
		},
		"bootstrap-datepicker": {
			"version": "1.9.0",
			"resolved": "https://registry.npmjs.org/bootstrap-datepicker/-/bootstrap-datepicker-1.9.0.tgz",
			"integrity": "sha512-9rYYbaVOheGYxjOr/+bJCmRPihfy+LkLSg4fIFMT9Od8WwWB/MB50w0JO1eBgKUMbb7PFHQD5uAfI3ArAxZRXA==",
			"requires": {
				"jquery": ">=1.7.1 <4.0.0"
			}
		},
		"bootstrap-select": {
			"version": "1.13.14",
			"resolved": "https://registry.npmjs.org/bootstrap-select/-/bootstrap-select-1.13.14.tgz",
			"integrity": "sha512-TiL2BobDTwPNV1pteDhukepamPXnbH33+B7D9oMI672KnsyDl0/j6lfQ+0TCL74TI1vaUv+gjL/0nvpmiTCzxQ=="
		},
		"happy-inputs": {
			"version": "2.0.4",
			"resolved": "https://registry.npmjs.org/happy-inputs/-/happy-inputs-2.0.4.tgz",
			"integrity": "sha512-3ddO912xhms26FcNqpYJuV09lKsj+h0x7se9cWnTNvNjOmsoeQ7yrfKhNJiLwfmLmhF+Ut4dH8s09TABNsL6Hg=="
		},
		"jquery": {
			"version": "3.4.1",
			"resolved": "https://registry.npmjs.org/jquery/-/jquery-3.4.1.tgz",
			"integrity": "sha512-36+AdBzCL+y6qjw5Tx7HgzeGCzC81MDDgaUP8ld2zhx58HdqXGoBd+tHdrBMiyjGQs0Hxs/MLZTu/eHNJJuWPw=="
		},
		"jquery-ui-sortable": {
			"version": "1.0.0",
			"resolved": "https://registry.npmjs.org/jquery-ui-sortable/-/jquery-ui-sortable-1.0.0.tgz",
			"integrity": "sha1-DuBizgKymzZYXt46Pg3d5mYGD5Y="
		},
		"nette-forms": {
			"version": "3.0.4",
			"resolved": "https://registry.npmjs.org/nette-forms/-/nette-forms-3.0.4.tgz",
			"integrity": "sha512-Z9Ia5T38mXQ81gMku/h9O2v+ZzFt5RgdI4lXaCNWH/HxJZAsViQUyDoYTLMNhwYJ7vx6Yzl1HusmlMHoTIZG3w=="
		},
		"nette.ajax.js": {
			"version": "2.3.0",
			"resolved": "https://registry.npmjs.org/nette.ajax.js/-/nette.ajax.js-2.3.0.tgz",
			"integrity": "sha1-QmdSyyoAmIVw7XCqK9xY0HLMA1Q="
		},
		"popper.js": {
			"version": "1.16.1",
			"resolved": "https://registry.npmjs.org/popper.js/-/popper.js-1.16.1.tgz",
			"integrity": "sha512-Wb4p1J4zyFTbM+u6WuO4XstYx4Ky9Cewe4DWrel7B0w6VVICvPwdOpotjzcf6eD8TsckVnIMNONQyPIUFOUbCQ=="
		},
		"ublaboo-datagrid": {
			"version": "6.2.13",
			"resolved": "https://registry.npmjs.org/ublaboo-datagrid/-/ublaboo-datagrid-6.2.13.tgz",
			"integrity": "sha512-AbnhulHMUiyhxPx1XtbUt1WRX2llKTqUDH4WxSyYCfvPbRehzkOa3ygb64+ZIYS4YSKaOfHOS3mfCIN5bxajlA=="
		}
	}
}
