{
	"requires": true,
	"lockfileVersion": 1,
	"dependencies": {
		"jquery": {
			"version": "3.5.1",
			"resolved": "https://registry.npmjs.org/jquery/-/jquery-3.5.1.tgz",
			"integrity": "sha512-XwIBPqcMn57FxfT+Go5pzySnm4KWkT1Tv7gjrpT1srtf8Weynl6R273VJ5GjkRb51IzMp5nbaPjJXMWeju2MKg=="
		},
		"nette-forms": {
			"version": "3.0.5",
			"resolved": "https://registry.npmjs.org/nette-forms/-/nette-forms-3.0.5.tgz",
			"integrity": "sha512-3MXMq8wTJtKrb26AfC1e9FNcV01NH0oIW6+gnNH/2bMnA220f1ykMn/nPfGDfcaxBw/+u/0kGPPunCrGVaZ4/A=="
		}
	}
}
