# THIS IS AN AUTOGENERATED FILE. DO NOT EDIT THIS FILE DIRECTLY.
# yarn lockfile v1


jquery@^3.1:
  version "3.5.1"
  resolved "https://registry.yarnpkg.com/jquery/-/jquery-3.5.1.tgz#d7b4d08e1bfdb86ad2f1a3d039ea17304717abb5"
  integrity sha512-XwIBPqcMn57FxfT+Go5pzySnm4KWkT1Tv7gjrpT1srtf8Weynl6R273VJ5GjkRb51IzMp5nbaPjJXMWeju2MKg==

nette-forms@~3.0.0:
  version "3.0.5"
  resolved "https://registry.yarnpkg.com/nette-forms/-/nette-forms-3.0.5.tgz#4a387d7af24a5f294ecd573c2e1e6e281920fd04"
  integrity sha512-3MXMq8wTJtKrb26AfC1e9FNcV01NH0oIW6+gnNH/2bMnA220f1ykMn/nPfGDfcaxBw/+u/0kGPPunCrGVaZ4/A==
