# THIS IS AN AUTOGENERATED FILE. DO NOT EDIT THIS FILE DIRECTLY.
# yarn lockfile v1


"@babel/runtime@^7.13.10":
  version "7.14.0"
  resolved "https://registry.yarnpkg.com/@babel/runtime/-/runtime-7.14.0.tgz#46794bc20b612c5f75e62dd071e24dfd95f1cbe6"
  integrity sha512-JELkvo/DlpNdJ7dlyw/eY7E0suy5i5GQH+Vlxaq1nsNJ+H7f4Vtv3jMeCEgRhZZQFXTjldYfQgv2qmM6M1v5wA==
  dependencies:
    regenerator-runtime "^0.13.4"

abortcontroller-polyfill@^1.5.0:
  version "1.7.3"
  resolved "https://registry.yarnpkg.com/abortcontroller-polyfill/-/abortcontroller-polyfill-1.7.3.tgz#1b5b487bd6436b5b764fd52a612509702c3144b5"
  integrity sha512-zetDJxd89y3X99Kvo4qFx8GKlt6GsvN3UcRZHwU6iFA/0KiOmhkTVhe8oRoTBiTVPZu09x3vCra47+w8Yz1+2Q==

event-target-shim@^6.0.2:
  version "6.0.2"
  resolved "https://registry.yarnpkg.com/event-target-shim/-/event-target-shim-6.0.2.tgz#ea5348c3618ee8b62ff1d344f01908ee2b8a2b71"
  integrity sha512-8q3LsZjRezbFZ2PN+uP+Q7pnHUMmAOziU2vA2OwoFaKIXxlxl38IylhSSgUorWu/rf4er67w0ikBqjBFk/pomA==

naja@^2.1.5:
  version "2.1.5"
  resolved "https://registry.yarnpkg.com/naja/-/naja-2.1.5.tgz#f9b6f49b7ce074756de5349f6601b7b7bcc5a304"
  integrity sha512-xyIX8qLwgjKXLoCiuA3vNgHnrT6EndVHAzaq58kEFDJ85C60PPNE/bGW9Z1S/7f5fWCaF718I5JpSv1htmCFzA==
  dependencies:
    "@babel/runtime" "^7.13.10"
    abortcontroller-polyfill "^1.5.0"
    event-target-shim "^6.0.2"

regenerator-runtime@^0.13.4:
  version "0.13.7"
  resolved "https://registry.yarnpkg.com/regenerator-runtime/-/regenerator-runtime-0.13.7.tgz#cac2dacc8a1ea675feaabaeb8ae833898ae46f55"
  integrity sha512-a54FxoJDIr27pgf7IgeQGxmqUNYrcV338lf/6gH456HZ/PhX+5BcwHXG9ajESmwe6WRO0tAzRUrRmNONWgkrew==
